
Microsoft Visual Studio Solution File, Format Version 12.00
# Visual Studio Version 17
VisualStudioVersion = 17.5.33414.496
MinimumVisualStudioVersion = 10.0.40219.1
Project("{FAE04EC0-301F-11D3-BF4B-00C04F79EFBC}") = "CalculadoraIMC", "CalculadoraIMC.csproj", "{4FB6B15A-2B47-454B-9566-5CDA1C3E37F8}"
EndProject
Global
	GlobalSection(SolutionConfigurationPlatforms) = preSolution
		Debug|Any CPU = Debug|Any CPU
		Release|Any CPU = Release|Any CPU
	EndGlobalSection
	GlobalSection(ProjectConfigurationPlatforms) = postSolution
		{4FB6B15A-2B47-454B-9566-5CDA1C3E37F8}.Debug|Any CPU.ActiveCfg = Debug|Any CPU
		{4FB6B15A-2B47-454B-9566-5CDA1C3E37F8}.Debug|Any CPU.Build.0 = Debug|Any CPU
		{4FB6B15A-2B47-454B-9566-5CDA1C3E37F8}.Release|Any CPU.ActiveCfg = Release|Any CPU
		{4FB6B15A-2B47-454B-9566-5CDA1C3E37F8}.Release|Any CPU.Build.0 = Release|Any CPU
	EndGlobalSection
	GlobalSection(SolutionProperties) = preSolution
		HideSolutionNode = FALSE
	EndGlobalSection
	GlobalSection(ExtensibilityGlobals) = postSolution
		SolutionGuid = {00396553-186A-46AF-9957-24B2379DC9F3}
	EndGlobalSection
EndGlobal
